{
  "name": "frontend",
  "version": "0.0.0",
  "lockfileVersion": 3,
  "requires": true,
  "packages": {
    "": {
      "name": "frontend",
      "version": "0.0.0",
      "dependencies": {
        "vue": "^3.5.12"
      },
      "devDependencies": {
        "@types/node": "^22.9.3",
        "@vitejs/plugin-vue": "^5.2.0",
        "vite": "^5.4.10"
      },
      "scripts": {
        "dev": "vite",
        "build": "vite build",
        "serve": "vite preview"
      }
    },
    "node_modules/@vitejs/plugin-vue": {
      "version": "5.2.0",
      "resolved": "https://registry.npmjs.org/@vitejs/plugin-vue/-/plugin-vue-5.2.0.tgz",
      "integrity": "sha512-7n7KdUEtx/7Yl7I/WVAMZ1bEb0eVvXF3ummWTeLcs/9gvo9pJhuLdouSXGjdZ/MKD1acf1I272+X0RMua4/R3g==",
      "dev": true,
      "engines": {
        "node": "^18.0.0 || >=20.0.0"
      },
      "peerDependencies": {
        "vite": "^5.0.0",
        "vue": "^3.2.25"
      }
    },
    "node_modules/vite": {
      "version": "5.4.11",
      "resolved": "https://registry.npmjs.org/vite/-/vite-5.4.11.tgz",
      "integrity": "sha512-c7jFQRklXua0mTzneGW9QVyxFjUgwcihC4bXEtujIo2ouWCe1Ajt/amn2PCxYnhYfd5k09JX3SB7OYWFKYqj8Q==",
      "dev": true
    }
  }
}
